
Microsoft Visual Studio Solution File, Format Version 12.00
# Visual Studio Version 16
VisualStudioVersion = 16.0.34902.97
MinimumVisualStudioVersion = 10.0.40219.1
Project("{FAE04EC0-301F-11D3-BF4B-00C04F79EFBC}") = "day5_dotnet", "day5_dotnet\day5_dotnet.csproj", "{99053B77-D901-4449-A697-79DF87571996}"
EndProject
Global
	GlobalSection(SolutionConfigurationPlatforms) = preSolution
		Debug|Any CPU = Debug|Any CPU
		Release|Any CPU = Release|Any CPU
	EndGlobalSection
	GlobalSection(ProjectConfigurationPlatforms) = postSolution
		{99053B77-D901-4449-A697-79DF87571996}.Debug|Any CPU.ActiveCfg = Debug|Any CPU
		{99053B77-D901-4449-A697-79DF87571996}.Debug|Any CPU.Build.0 = Debug|Any CPU
		{99053B77-D901-4449-A697-79DF87571996}.Release|Any CPU.ActiveCfg = Release|Any CPU
		{99053B77-D901-4449-A697-79DF87571996}.Release|Any CPU.Build.0 = Release|Any CPU
	EndGlobalSection
	GlobalSection(SolutionProperties) = preSolution
		HideSolutionNode = FALSE
	EndGlobalSection
	GlobalSection(ExtensibilityGlobals) = postSolution
		SolutionGuid = {AF492CF2-394C-4D49-BA5D-F3A40B10F7E5}
	EndGlobalSection
EndGlobal
